
Microsoft Visual Studio Solution File, Format Version 12.00
# Visual Studio 15
VisualStudioVersion = 15.0.28010.2026
MinimumVisualStudioVersion = 10.0.40219.1
Project("{FAE04EC0-301F-11D3-BF4B-00C04F79EFBC}") = "Lands.Android", "Lands\Lands.Android\Lands.Android.csproj", "{CD1358D7-ABEA-4D48-8024-65FB9C17FFA4}"
EndProject
Project("{FAE04EC0-301F-11D3-BF4B-00C04F79EFBC}") = "Lands.iOS", "Lands\Lands.iOS\Lands.iOS.csproj", "{BC9A0155-AF39-4D91-91C3-9B2695A4BC42}"
EndProject
Project("{9A19103F-16F7-4668-BE54-9A1E7A4F7556}") = "Lands", "Lands\Lands\Lands.csproj", "{AB36796C-D584-434D-ADC7-E72CC68992DB}"
EndProject
Project("{FAE04EC0-301F-11D3-BF4B-00C04F79EFBC}") = "Lands.Domain", "Lands.Domain\Lands.Domain.csproj", "{2100B046-0F5C-480B-9E4D-5779D7BF1590}"
EndProject
Project("{FAE04EC0-301F-11D3-BF4B-00C04F79EFBC}") = "Lands.Backend", "Lands.Backend\Lands.Backend.csproj", "{3F067617-F3EB-4675-8097-BDC0BC3803F2}"
EndProject
Project("{FAE04EC0-301F-11D3-BF4B-00C04F79EFBC}") = "Lands.API", "Lands.API\Lands.API.csproj", "{2C52C50C-B812-41E7-BEA8-98F4263A9A08}"
EndProject
Global
	GlobalSection(SolutionConfigurationPlatforms) = preSolution
		Ad-Hoc|Any CPU = Ad-Hoc|Any CPU
		Ad-Hoc|iPhone = Ad-Hoc|iPhone
		Ad-Hoc|iPhoneSimulator = Ad-Hoc|iPhoneSimulator
		AppStore|Any CPU = AppStore|Any CPU
		AppStore|iPhone = AppStore|iPhone
		AppStore|iPhoneSimulator = AppStore|iPhoneSimulator
		Debug|Any CPU = Debug|Any CPU
		Debug|iPhone = Debug|iPhone
		Debug|iPhoneSimulator = Debug|iPhoneSimulator
		Release|Any CPU = Release|Any CPU
		Release|iPhone = Release|iPhone
		Release|iPhoneSimulator = Release|iPhoneSimulator
	EndGlobalSection
	GlobalSection(ProjectConfigurationPlatforms) = postSolution
		{CD1358D7-ABEA-4D48-8024-65FB9C17FFA4}.Ad-Hoc|Any CPU.ActiveCfg = Release|Any CPU
		{CD1358D7-ABEA-4D48-8024-65FB9C17FFA4}.Ad-Hoc|Any CPU.Build.0 = Release|Any CPU
		{CD1358D7-ABEA-4D48-8024-65FB9C17FFA4}.Ad-Hoc|Any CPU.Deploy.0 = Release|Any CPU
		{CD1358D7-ABEA-4D48-8024-65FB9C17FFA4}.Ad-Hoc|iPhone.ActiveCfg = Release|Any CPU
		{CD1358D7-ABEA-4D48-8024-65FB9C17FFA4}.Ad-Hoc|iPhone.Build.0 = Release|Any CPU
		{CD1358D7-ABEA-4D48-8024-65FB9C17FFA4}.Ad-Hoc|iPhone.Deploy.0 = Release|Any CPU
		{CD1358D7-ABEA-4D48-8024-65FB9C17FFA4}.Ad-Hoc|iPhoneSimulator.ActiveCfg = Release|Any CPU
		{CD1358D7-ABEA-4D48-8024-65FB9C17FFA4}.Ad-Hoc|iPhoneSimulator.Build.0 = Release|Any CPU
		{CD1358D7-ABEA-4D48-8024-65FB9C17FFA4}.Ad-Hoc|iPhoneSimulator.Deploy.0 = Release|Any CPU
		{CD1358D7-ABEA-4D48-8024-65FB9C17FFA4}.AppStore|Any CPU.ActiveCfg = Release|Any CPU
		{CD1358D7-ABEA-4D48-8024-65FB9C17FFA4}.AppStore|Any CPU.Build.0 = Release|Any CPU
		{CD1358D7-ABEA-4D48-8024-65FB9C17FFA4}.AppStore|Any CPU.Deploy.0 = Release|Any CPU
		{CD1358D7-ABEA-4D48-8024-65FB9C17FFA4}.AppStore|iPhone.ActiveCfg = Release|Any CPU
		{CD1358D7-ABEA-4D48-8024-65FB9C17FFA4}.AppStore|iPhone.Build.0 = Release|Any CPU
		{CD1358D7-ABEA-4D48-8024-65FB9C17FFA4}.AppStore|iPhone.Deploy.0 = Release|Any CPU
		{CD1358D7-ABEA-4D48-8024-65FB9C17FFA4}.AppStore|iPhoneSimulator.ActiveCfg = Release|Any CPU
		{CD1358D7-ABEA-4D48-8024-65FB9C17FFA4}.AppStore|iPhoneSimulator.Build.0 = Release|Any CPU
		{CD1358D7-ABEA-4D48-8024-65FB9C17FFA4}.AppStore|iPhoneSimulator.Deploy.0 = Release|Any CPU
		{CD1358D7-ABEA-4D48-8024-65FB9C17FFA4}.Debug|Any CPU.ActiveCfg = Debug|Any CPU
		{CD1358D7-ABEA-4D48-8024-65FB9C17FFA4}.Debug|Any CPU.Build.0 = Debug|Any CPU
		{CD1358D7-ABEA-4D48-8024-65FB9C17FFA4}.Debug|Any CPU.Deploy.0 = Debug|Any CPU
		{CD1358D7-ABEA-4D48-8024-65FB9C17FFA4}.Debug|iPhone.ActiveCfg = Debug|Any CPU
		{CD1358D7-ABEA-4D48-8024-65FB9C17FFA4}.Debug|iPhone.Build.0 = Debug|Any CPU
		{CD1358D7-ABEA-4D48-8024-65FB9C17FFA4}.Debug|iPhone.Deploy.0 = Debug|Any CPU
		{CD1358D7-ABEA-4D48-8024-65FB9C17FFA4}.Debug|iPhoneSimulator.ActiveCfg = Debug|Any CPU
		{CD1358D7-ABEA-4D48-8024-65FB9C17FFA4}.Debug|iPhoneSimulator.Build.0 = Debug|Any CPU
		{CD1358D7-ABEA-4D48-8024-65FB9C17FFA4}.Debug|iPhoneSimulator.Deploy.0 = Debug|Any CPU
		{CD1358D7-ABEA-4D48-8024-65FB9C17FFA4}.Release|Any CPU.ActiveCfg = Release|Any CPU
		{CD1358D7-ABEA-4D48-8024-65FB9C17FFA4}.Release|Any CPU.Build.0 = Release|Any CPU
		{CD1358D7-ABEA-4D48-8024-65FB9C17FFA4}.Release|Any CPU.Deploy.0 = Release|Any CPU
		{CD1358D7-ABEA-4D48-8024-65FB9C17FFA4}.Release|iPhone.ActiveCfg = Release|Any CPU
		{CD1358D7-ABEA-4D48-8024-65FB9C17FFA4}.Release|iPhone.Build.0 = Release|Any CPU
		{CD1358D7-ABEA-4D48-8024-65FB9C17FFA4}.Release|iPhone.Deploy.0 = Release|Any CPU
		{CD1358D7-ABEA-4D48-8024-65FB9C17FFA4}.Release|iPhoneSimulator.ActiveCfg = Release|Any CPU
		{CD1358D7-ABEA-4D48-8024-65FB9C17FFA4}.Release|iPhoneSimulator.Build.0 = Release|Any CPU
		{CD1358D7-ABEA-4D48-8024-65FB9C17FFA4}.Release|iPhoneSimulator.Deploy.0 = Release|Any CPU
		{BC9A0155-AF39-4D91-91C3-9B2695A4BC42}.Ad-Hoc|Any CPU.ActiveCfg = Ad-Hoc|iPhone
		{BC9A0155-AF39-4D91-91C3-9B2695A4BC42}.Ad-Hoc|Any CPU.Build.0 = Ad-Hoc|iPhone
		{BC9A0155-AF39-4D91-91C3-9B2695A4BC42}.Ad-Hoc|Any CPU.Deploy.0 = Ad-Hoc|iPhone
		{BC9A0155-AF39-4D91-91C3-9B2695A4BC42}.Ad-Hoc|iPhone.ActiveCfg = Ad-Hoc|iPhone
		{BC9A0155-AF39-4D91-91C3-9B2695A4BC42}.Ad-Hoc|iPhone.Build.0 = Ad-Hoc|iPhone
		{BC9A0155-AF39-4D91-91C3-9B2695A4BC42}.Ad-Hoc|iPhone.Deploy.0 = Ad-Hoc|iPhone
		{BC9A0155-AF39-4D91-91C3-9B2695A4BC42}.Ad-Hoc|iPhoneSimulator.ActiveCfg = Ad-Hoc|iPhoneSimulator
		{BC9A0155-AF39-4D91-91C3-9B2695A4BC42}.Ad-Hoc|iPhoneSimulator.Build.0 = Ad-Hoc|iPhoneSimulator
		{BC9A0155-AF39-4D91-91C3-9B2695A4BC42}.Ad-Hoc|iPhoneSimulator.Deploy.0 = Ad-Hoc|iPhoneSimulator
		{BC9A0155-AF39-4D91-91C3-9B2695A4BC42}.AppStore|Any CPU.ActiveCfg = AppStore|iPhone
		{BC9A0155-AF39-4D91-91C3-9B2695A4BC42}.AppStore|Any CPU.Build.0 = AppStore|iPhone
		{BC9A0155-AF39-4D91-91C3-9B2695A4BC42}.AppStore|Any CPU.Deploy.0 = AppStore|iPhone
		{BC9A0155-AF39-4D91-91C3-9B2695A4BC42}.AppStore|iPhone.ActiveCfg = AppStore|iPhone
		{BC9A0155-AF39-4D91-91C3-9B2695A4BC42}.AppStore|iPhone.Build.0 = AppStore|iPhone
		{BC9A0155-AF39-4D91-91C3-9B2695A4BC42}.AppStore|iPhone.Deploy.0 = AppStore|iPhone
		{BC9A0155-AF39-4D91-91C3-9B2695A4BC42}.AppStore|iPhoneSimulator.ActiveCfg = AppStore|iPhoneSimulator
		{BC9A0155-AF39-4D91-91C3-9B2695A4BC42}.AppStore|iPhoneSimulator.Build.0 = AppStore|iPhoneSimulator
		{BC9A0155-AF39-4D91-91C3-9B2695A4BC42}.AppStore|iPhoneSimulator.Deploy.0 = AppStore|iPhoneSimulator
		{BC9A0155-AF39-4D91-91C3-9B2695A4BC42}.Debug|Any CPU.ActiveCfg = Debug|iPhoneSimulator
		{BC9A0155-AF39-4D91-91C3-9B2695A4BC42}.Debug|Any CPU.Build.0 = Debug|iPhoneSimulator
		{BC9A0155-AF39-4D91-91C3-9B2695A4BC42}.Debug|Any CPU.Deploy.0 = Debug|iPhoneSimulator
		{BC9A0155-AF39-4D91-91C3-9B2695A4BC42}.Debug|iPhone.ActiveCfg = Debug|iPhone
		{BC9A0155-AF39-4D91-91C3-9B2695A4BC42}.Debug|iPhone.Build.0 = Debug|iPhone
		{BC9A0155-AF39-4D91-91C3-9B2695A4BC42}.Debug|iPhone.Deploy.0 = Debug|iPhone
		{BC9A0155-AF39-4D91-91C3-9B2695A4BC42}.Debug|iPhoneSimulator.ActiveCfg = Debug|iPhoneSimulator
		{BC9A0155-AF39-4D91-91C3-9B2695A4BC42}.Debug|iPhoneSimulator.Build.0 = Debug|iPhoneSimulator
		{BC9A0155-AF39-4D91-91C3-9B2695A4BC42}.Debug|iPhoneSimulator.Deploy.0 = Debug|iPhoneSimulator
		{BC9A0155-AF39-4D91-91C3-9B2695A4BC42}.Release|Any CPU.ActiveCfg = Release|iPhone
		{BC9A0155-AF39-4D91-91C3-9B2695A4BC42}.Release|Any CPU.Build.0 = Release|iPhone
		{BC9A0155-AF39-4D91-91C3-9B2695A4BC42}.Release|Any CPU.Deploy.0 = Release|iPhone
		{BC9A0155-AF39-4D91-91C3-9B2695A4BC42}.Release|iPhone.ActiveCfg = Release|iPhone
		{BC9A0155-AF39-4D91-91C3-9B2695A4BC42}.Release|iPhone.Build.0 = Release|iPhone
		{BC9A0155-AF39-4D91-91C3-9B2695A4BC42}.Release|iPhone.Deploy.0 = Release|iPhone
		{BC9A0155-AF39-4D91-91C3-9B2695A4BC42}.Release|iPhoneSimulator.ActiveCfg = Release|iPhoneSimulator
		{BC9A0155-AF39-4D91-91C3-9B2695A4BC42}.Release|iPhoneSimulator.Build.0 = Release|iPhoneSimulator
		{BC9A0155-AF39-4D91-91C3-9B2695A4BC42}.Release|iPhoneSimulator.Deploy.0 = Release|iPhoneSimulator
		{AB36796C-D584-434D-ADC7-E72CC68992DB}.Ad-Hoc|Any CPU.ActiveCfg = Debug|Any CPU
		{AB36796C-D584-434D-ADC7-E72CC68992DB}.Ad-Hoc|Any CPU.Build.0 = Debug|Any CPU
		{AB36796C-D584-434D-ADC7-E72CC68992DB}.Ad-Hoc|Any CPU.Deploy.0 = Debug|Any CPU
		{AB36796C-D584-434D-ADC7-E72CC68992DB}.Ad-Hoc|iPhone.ActiveCfg = Debug|Any CPU
		{AB36796C-D584-434D-ADC7-E72CC68992DB}.Ad-Hoc|iPhone.Build.0 = Debug|Any CPU
		{AB36796C-D584-434D-ADC7-E72CC68992DB}.Ad-Hoc|iPhone.Deploy.0 = Debug|Any CPU
		{AB36796C-D584-434D-ADC7-E72CC68992DB}.Ad-Hoc|iPhoneSimulator.ActiveCfg = Debug|Any CPU
		{AB36796C-D584-434D-ADC7-E72CC68992DB}.Ad-Hoc|iPhoneSimulator.Build.0 = Debug|Any CPU
		{AB36796C-D584-434D-ADC7-E72CC68992DB}.Ad-Hoc|iPhoneSimulator.Deploy.0 = Debug|Any CPU
		{AB36796C-D584-434D-ADC7-E72CC68992DB}.AppStore|Any CPU.ActiveCfg = Debug|Any CPU
		{AB36796C-D584-434D-ADC7-E72CC68992DB}.AppStore|Any CPU.Build.0 = Debug|Any CPU
		{AB36796C-D584-434D-ADC7-E72CC68992DB}.AppStore|Any CPU.Deploy.0 = Debug|Any CPU
		{AB36796C-D584-434D-ADC7-E72CC68992DB}.AppStore|iPhone.ActiveCfg = Debug|Any CPU
		{AB36796C-D584-434D-ADC7-E72CC68992DB}.AppStore|iPhone.Build.0 = Debug|Any CPU
		{AB36796C-D584-434D-ADC7-E72CC68992DB}.AppStore|iPhone.Deploy.0 = Debug|Any CPU
		{AB36796C-D584-434D-ADC7-E72CC68992DB}.AppStore|iPhoneSimulator.ActiveCfg = Debug|Any CPU
		{AB36796C-D584-434D-ADC7-E72CC68992DB}.AppStore|iPhoneSimulator.Build.0 = Debug|Any CPU
		{AB36796C-D584-434D-ADC7-E72CC68992DB}.AppStore|iPhoneSimulator.Deploy.0 = Debug|Any CPU
		{AB36796C-D584-434D-ADC7-E72CC68992DB}.Debug|Any CPU.ActiveCfg = Debug|Any CPU
		{AB36796C-D584-434D-ADC7-E72CC68992DB}.Debug|Any CPU.Build.0 = Debug|Any CPU
		{AB36796C-D584-434D-ADC7-E72CC68992DB}.Debug|Any CPU.Deploy.0 = Debug|Any CPU
		{AB36796C-D584-434D-ADC7-E72CC68992DB}.Debug|iPhone.ActiveCfg = Debug|Any CPU
		{AB36796C-D584-434D-ADC7-E72CC68992DB}.Debug|iPhone.Build.0 = Debug|Any CPU
		{AB36796C-D584-434D-ADC7-E72CC68992DB}.Debug|iPhone.Deploy.0 = Debug|Any CPU
		{AB36796C-D584-434D-ADC7-E72CC68992DB}.Debug|iPhoneSimulator.ActiveCfg = Debug|Any CPU
		{AB36796C-D584-434D-ADC7-E72CC68992DB}.Debug|iPhoneSimulator.Build.0 = Debug|Any CPU
		{AB36796C-D584-434D-ADC7-E72CC68992DB}.Debug|iPhoneSimulator.Deploy.0 = Debug|Any CPU
		{AB36796C-D584-434D-ADC7-E72CC68992DB}.Release|Any CPU.ActiveCfg = Release|Any CPU
		{AB36796C-D584-434D-ADC7-E72CC68992DB}.Release|Any CPU.Build.0 = Release|Any CPU
		{AB36796C-D584-434D-ADC7-E72CC68992DB}.Release|Any CPU.Deploy.0 = Release|Any CPU
		{AB36796C-D584-434D-ADC7-E72CC68992DB}.Release|iPhone.ActiveCfg = Release|Any CPU
		{AB36796C-D584-434D-ADC7-E72CC68992DB}.Release|iPhone.Build.0 = Release|Any CPU
		{AB36796C-D584-434D-ADC7-E72CC68992DB}.Release|iPhone.Deploy.0 = Release|Any CPU
		{AB36796C-D584-434D-ADC7-E72CC68992DB}.Release|iPhoneSimulator.ActiveCfg = Release|Any CPU
		{AB36796C-D584-434D-ADC7-E72CC68992DB}.Release|iPhoneSimulator.Build.0 = Release|Any CPU
		{AB36796C-D584-434D-ADC7-E72CC68992DB}.Release|iPhoneSimulator.Deploy.0 = Release|Any CPU
		{2100B046-0F5C-480B-9E4D-5779D7BF1590}.Ad-Hoc|Any CPU.ActiveCfg = Release|Any CPU
		{2100B046-0F5C-480B-9E4D-5779D7BF1590}.Ad-Hoc|Any CPU.Build.0 = Release|Any CPU
		{2100B046-0F5C-480B-9E4D-5779D7BF1590}.Ad-Hoc|iPhone.ActiveCfg = Release|Any CPU
		{2100B046-0F5C-480B-9E4D-5779D7BF1590}.Ad-Hoc|iPhone.Build.0 = Release|Any CPU
		{2100B046-0F5C-480B-9E4D-5779D7BF1590}.Ad-Hoc|iPhoneSimulator.ActiveCfg = Release|Any CPU
		{2100B046-0F5C-480B-9E4D-5779D7BF1590}.Ad-Hoc|iPhoneSimulator.Build.0 = Release|Any CPU
		{2100B046-0F5C-480B-9E4D-5779D7BF1590}.AppStore|Any CPU.ActiveCfg = Release|Any CPU
		{2100B046-0F5C-480B-9E4D-5779D7BF1590}.AppStore|Any CPU.Build.0 = Release|Any CPU
		{2100B046-0F5C-480B-9E4D-5779D7BF1590}.AppStore|iPhone.ActiveCfg = Release|Any CPU
		{2100B046-0F5C-480B-9E4D-5779D7BF1590}.AppStore|iPhone.Build.0 = Release|Any CPU
		{2100B046-0F5C-480B-9E4D-5779D7BF1590}.AppStore|iPhoneSimulator.ActiveCfg = Release|Any CPU
		{2100B046-0F5C-480B-9E4D-5779D7BF1590}.AppStore|iPhoneSimulator.Build.0 = Release|Any CPU
		{2100B046-0F5C-480B-9E4D-5779D7BF1590}.Debug|Any CPU.ActiveCfg = Debug|Any CPU
		{2100B046-0F5C-480B-9E4D-5779D7BF1590}.Debug|Any CPU.Build.0 = Debug|Any CPU
		{2100B046-0F5C-480B-9E4D-5779D7BF1590}.Debug|iPhone.ActiveCfg = Debug|Any CPU
		{2100B046-0F5C-480B-9E4D-5779D7BF1590}.Debug|iPhone.Build.0 = Debug|Any CPU
		{2100B046-0F5C-480B-9E4D-5779D7BF1590}.Debug|iPhoneSimulator.ActiveCfg = Debug|Any CPU
		{2100B046-0F5C-480B-9E4D-5779D7BF1590}.Debug|iPhoneSimulator.Build.0 = Debug|Any CPU
		{2100B046-0F5C-480B-9E4D-5779D7BF1590}.Release|Any CPU.ActiveCfg = Release|Any CPU
		{2100B046-0F5C-480B-9E4D-5779D7BF1590}.Release|Any CPU.Build.0 = Release|Any CPU
		{2100B046-0F5C-480B-9E4D-5779D7BF1590}.Release|iPhone.ActiveCfg = Release|Any CPU
		{2100B046-0F5C-480B-9E4D-5779D7BF1590}.Release|iPhone.Build.0 = Release|Any CPU
		{2100B046-0F5C-480B-9E4D-5779D7BF1590}.Release|iPhoneSimulator.ActiveCfg = Release|Any CPU
		{2100B046-0F5C-480B-9E4D-5779D7BF1590}.Release|iPhoneSimulator.Build.0 = Release|Any CPU
		{3F067617-F3EB-4675-8097-BDC0BC3803F2}.Ad-Hoc|Any CPU.ActiveCfg = Release|Any CPU
		{3F067617-F3EB-4675-8097-BDC0BC3803F2}.Ad-Hoc|Any CPU.Build.0 = Release|Any CPU
		{3F067617-F3EB-4675-8097-BDC0BC3803F2}.Ad-Hoc|iPhone.ActiveCfg = Release|Any CPU
		{3F067617-F3EB-4675-8097-BDC0BC3803F2}.Ad-Hoc|iPhone.Build.0 = Release|Any CPU
		{3F067617-F3EB-4675-8097-BDC0BC3803F2}.Ad-Hoc|iPhoneSimulator.ActiveCfg = Release|Any CPU
		{3F067617-F3EB-4675-8097-BDC0BC3803F2}.Ad-Hoc|iPhoneSimulator.Build.0 = Release|Any CPU
		{3F067617-F3EB-4675-8097-BDC0BC3803F2}.AppStore|Any CPU.ActiveCfg = Release|Any CPU
		{3F067617-F3EB-4675-8097-BDC0BC3803F2}.AppStore|Any CPU.Build.0 = Release|Any CPU
		{3F067617-F3EB-4675-8097-BDC0BC3803F2}.AppStore|iPhone.ActiveCfg = Release|Any CPU
		{3F067617-F3EB-4675-8097-BDC0BC3803F2}.AppStore|iPhone.Build.0 = Release|Any CPU
		{3F067617-F3EB-4675-8097-BDC0BC3803F2}.AppStore|iPhoneSimulator.ActiveCfg = Release|Any CPU
		{3F067617-F3EB-4675-8097-BDC0BC3803F2}.AppStore|iPhoneSimulator.Build.0 = Release|Any CPU
		{3F067617-F3EB-4675-8097-BDC0BC3803F2}.Debug|Any CPU.ActiveCfg = Debug|Any CPU
		{3F067617-F3EB-4675-8097-BDC0BC3803F2}.Debug|Any CPU.Build.0 = Debug|Any CPU
		{3F067617-F3EB-4675-8097-BDC0BC3803F2}.Debug|iPhone.ActiveCfg = Debug|Any CPU
		{3F067617-F3EB-4675-8097-BDC0BC3803F2}.Debug|iPhone.Build.0 = Debug|Any CPU
		{3F067617-F3EB-4675-8097-BDC0BC3803F2}.Debug|iPhoneSimulator.ActiveCfg = Debug|Any CPU
		{3F067617-F3EB-4675-8097-BDC0BC3803F2}.Debug|iPhoneSimulator.Build.0 = Debug|Any CPU
		{3F067617-F3EB-4675-8097-BDC0BC3803F2}.Release|Any CPU.ActiveCfg = Release|Any CPU
		{3F067617-F3EB-4675-8097-BDC0BC3803F2}.Release|Any CPU.Build.0 = Release|Any CPU
		{3F067617-F3EB-4675-8097-BDC0BC3803F2}.Release|iPhone.ActiveCfg = Release|Any CPU
		{3F067617-F3EB-4675-8097-BDC0BC3803F2}.Release|iPhone.Build.0 = Release|Any CPU
		{3F067617-F3EB-4675-8097-BDC0BC3803F2}.Release|iPhoneSimulator.ActiveCfg = Release|Any CPU
		{3F067617-F3EB-4675-8097-BDC0BC3803F2}.Release|iPhoneSimulator.Build.0 = Release|Any CPU
		{2C52C50C-B812-41E7-BEA8-98F4263A9A08}.Ad-Hoc|Any CPU.ActiveCfg = Release|Any CPU
		{2C52C50C-B812-41E7-BEA8-98F4263A9A08}.Ad-Hoc|Any CPU.Build.0 = Release|Any CPU
		{2C52C50C-B812-41E7-BEA8-98F4263A9A08}.Ad-Hoc|iPhone.ActiveCfg = Release|Any CPU
		{2C52C50C-B812-41E7-BEA8-98F4263A9A08}.Ad-Hoc|iPhone.Build.0 = Release|Any CPU
		{2C52C50C-B812-41E7-BEA8-98F4263A9A08}.Ad-Hoc|iPhoneSimulator.ActiveCfg = Release|Any CPU
		{2C52C50C-B812-41E7-BEA8-98F4263A9A08}.Ad-Hoc|iPhoneSimulator.Build.0 = Release|Any CPU
		{2C52C50C-B812-41E7-BEA8-98F4263A9A08}.AppStore|Any CPU.ActiveCfg = Release|Any CPU
		{2C52C50C-B812-41E7-BEA8-98F4263A9A08}.AppStore|Any CPU.Build.0 = Release|Any CPU
		{2C52C50C-B812-41E7-BEA8-98F4263A9A08}.AppStore|iPhone.ActiveCfg = Release|Any CPU
		{2C52C50C-B812-41E7-BEA8-98F4263A9A08}.AppStore|iPhone.Build.0 = Release|Any CPU
		{2C52C50C-B812-41E7-BEA8-98F4263A9A08}.AppStore|iPhoneSimulator.ActiveCfg = Release|Any CPU
		{2C52C50C-B812-41E7-BEA8-98F4263A9A08}.AppStore|iPhoneSimulator.Build.0 = Release|Any CPU
		{2C52C50C-B812-41E7-BEA8-98F4263A9A08}.Debug|Any CPU.ActiveCfg = Debug|Any CPU
		{2C52C50C-B812-41E7-BEA8-98F4263A9A08}.Debug|Any CPU.Build.0 = Debug|Any CPU
		{2C52C50C-B812-41E7-BEA8-98F4263A9A08}.Debug|iPhone.ActiveCfg = Debug|Any CPU
		{2C52C50C-B812-41E7-BEA8-98F4263A9A08}.Debug|iPhone.Build.0 = Debug|Any CPU
		{2C52C50C-B812-41E7-BEA8-98F4263A9A08}.Debug|iPhoneSimulator.ActiveCfg = Debug|Any CPU
		{2C52C50C-B812-41E7-BEA8-98F4263A9A08}.Debug|iPhoneSimulator.Build.0 = Debug|Any CPU
		{2C52C50C-B812-41E7-BEA8-98F4263A9A08}.Release|Any CPU.ActiveCfg = Release|Any CPU
		{2C52C50C-B812-41E7-BEA8-98F4263A9A08}.Release|Any CPU.Build.0 = Release|Any CPU
		{2C52C50C-B812-41E7-BEA8-98F4263A9A08}.Release|iPhone.ActiveCfg = Release|Any CPU
		{2C52C50C-B812-41E7-BEA8-98F4263A9A08}.Release|iPhone.Build.0 = Release|Any CPU
		{2C52C50C-B812-41E7-BEA8-98F4263A9A08}.Release|iPhoneSimulator.ActiveCfg = Release|Any CPU
		{2C52C50C-B812-41E7-BEA8-98F4263A9A08}.Release|iPhoneSimulator.Build.0 = Release|Any CPU
	EndGlobalSection
	GlobalSection(SolutionProperties) = preSolution
		HideSolutionNode = FALSE
	EndGlobalSection
	GlobalSection(ExtensibilityGlobals) = postSolution
		SolutionGuid = {492DEACB-F304-4960-AD96-2530255F584F}
	EndGlobalSection
EndGlobal
